
Microsoft Visual Studio Solution File, Format Version 12.00
# Visual Studio Version 16
VisualStudioVersion = 16.0.31205.134
MinimumVisualStudioVersion = 10.0.40219.1
Project("{FAE04EC0-301F-11D3-BF4B-00C04F79EFBC}") = "WebPharmacieApi", "WebPharmacieApi\WebPharmacieApi.csproj", "{6F5BD81D-4733-47C1-A25B-69B335EDC5CE}"
EndProject
Global
	GlobalSection(SolutionConfigurationPlatforms) = preSolution
		Debug|Any CPU = Debug|Any CPU
		Release|Any CPU = Release|Any CPU
	EndGlobalSection
	GlobalSection(ProjectConfigurationPlatforms) = postSolution
		{6F5BD81D-4733-47C1-A25B-69B335EDC5CE}.Debug|Any CPU.ActiveCfg = Debug|Any CPU
		{6F5BD81D-4733-47C1-A25B-69B335EDC5CE}.Debug|Any CPU.Build.0 = Debug|Any CPU
		{6F5BD81D-4733-47C1-A25B-69B335EDC5CE}.Release|Any CPU.ActiveCfg = Release|Any CPU
		{6F5BD81D-4733-47C1-A25B-69B335EDC5CE}.Release|Any CPU.Build.0 = Release|Any CPU
	EndGlobalSection
	GlobalSection(SolutionProperties) = preSolution
		HideSolutionNode = FALSE
	EndGlobalSection
	GlobalSection(ExtensibilityGlobals) = postSolution
		SolutionGuid = {201C2C38-DAC8-4786-A202-0850C7922DC6}
	EndGlobalSection
EndGlobal
