
Microsoft Visual Studio Solution File, Format Version 12.00
# Visual Studio Version 16
VisualStudioVersion = 16.0.31205.134
MinimumVisualStudioVersion = 10.0.40219.1
Project("{FAE04EC0-301F-11D3-BF4B-00C04F79EFBC}") = "WebPharmacieApi", "WebPharmacieApi\WebPharmacieApi.csproj", "{6F5BD81D-4733-47C1-A25B-69B335EDC5CE}"
EndProject
Project("{FAE04EC0-301F-11D3-BF4B-00C04F79EFBC}") = "MobilePharmacieApp.Android", "MobilePharmacieApp\MobilePharmacieApp.Android\MobilePharmacieApp.Android.csproj", "{6D9B1E97-847D-4B1A-879B-343096960C00}"
EndProject
Project("{FAE04EC0-301F-11D3-BF4B-00C04F79EFBC}") = "MobilePharmacieApp.iOS", "MobilePharmacieApp\MobilePharmacieApp.iOS\MobilePharmacieApp.iOS.csproj", "{B30EAFE6-3D87-4681-A6DB-A890F4E79B6A}"
EndProject
Project("{FAE04EC0-301F-11D3-BF4B-00C04F79EFBC}") = "MobilePharmacieApp", "MobilePharmacieApp\MobilePharmacieApp\MobilePharmacieApp.csproj", "{EDE41B1B-F73D-42B9-85E3-182271C9E744}"
EndProject
Project("{FAE04EC0-301F-11D3-BF4B-00C04F79EFBC}") = "WebPharmacieAsp", "WebPharmacieAsp\WebPharmacieAsp.csproj", "{ECC26582-C3AD-4C42-89E3-ECB9B59E75E8}"
EndProject
Global
	GlobalSection(SolutionConfigurationPlatforms) = preSolution
		Debug|Any CPU = Debug|Any CPU
		Debug|iPhone = Debug|iPhone
		Debug|iPhoneSimulator = Debug|iPhoneSimulator
		Release|Any CPU = Release|Any CPU
		Release|iPhone = Release|iPhone
		Release|iPhoneSimulator = Release|iPhoneSimulator
	EndGlobalSection
	GlobalSection(ProjectConfigurationPlatforms) = postSolution
		{6F5BD81D-4733-47C1-A25B-69B335EDC5CE}.Debug|Any CPU.ActiveCfg = Debug|Any CPU
		{6F5BD81D-4733-47C1-A25B-69B335EDC5CE}.Debug|Any CPU.Build.0 = Debug|Any CPU
		{6F5BD81D-4733-47C1-A25B-69B335EDC5CE}.Debug|iPhone.ActiveCfg = Debug|Any CPU
		{6F5BD81D-4733-47C1-A25B-69B335EDC5CE}.Debug|iPhone.Build.0 = Debug|Any CPU
		{6F5BD81D-4733-47C1-A25B-69B335EDC5CE}.Debug|iPhoneSimulator.ActiveCfg = Debug|Any CPU
		{6F5BD81D-4733-47C1-A25B-69B335EDC5CE}.Debug|iPhoneSimulator.Build.0 = Debug|Any CPU
		{6F5BD81D-4733-47C1-A25B-69B335EDC5CE}.Release|Any CPU.ActiveCfg = Release|Any CPU
		{6F5BD81D-4733-47C1-A25B-69B335EDC5CE}.Release|Any CPU.Build.0 = Release|Any CPU
		{6F5BD81D-4733-47C1-A25B-69B335EDC5CE}.Release|iPhone.ActiveCfg = Release|Any CPU
		{6F5BD81D-4733-47C1-A25B-69B335EDC5CE}.Release|iPhone.Build.0 = Release|Any CPU
		{6F5BD81D-4733-47C1-A25B-69B335EDC5CE}.Release|iPhoneSimulator.ActiveCfg = Release|Any CPU
		{6F5BD81D-4733-47C1-A25B-69B335EDC5CE}.Release|iPhoneSimulator.Build.0 = Release|Any CPU
		{6D9B1E97-847D-4B1A-879B-343096960C00}.Debug|Any CPU.ActiveCfg = Debug|Any CPU
		{6D9B1E97-847D-4B1A-879B-343096960C00}.Debug|Any CPU.Build.0 = Debug|Any CPU
		{6D9B1E97-847D-4B1A-879B-343096960C00}.Debug|Any CPU.Deploy.0 = Debug|Any CPU
		{6D9B1E97-847D-4B1A-879B-343096960C00}.Debug|iPhone.ActiveCfg = Debug|Any CPU
		{6D9B1E97-847D-4B1A-879B-343096960C00}.Debug|iPhone.Build.0 = Debug|Any CPU
		{6D9B1E97-847D-4B1A-879B-343096960C00}.Debug|iPhone.Deploy.0 = Debug|Any CPU
		{6D9B1E97-847D-4B1A-879B-343096960C00}.Debug|iPhoneSimulator.ActiveCfg = Debug|Any CPU
		{6D9B1E97-847D-4B1A-879B-343096960C00}.Debug|iPhoneSimulator.Build.0 = Debug|Any CPU
		{6D9B1E97-847D-4B1A-879B-343096960C00}.Debug|iPhoneSimulator.Deploy.0 = Debug|Any CPU
		{6D9B1E97-847D-4B1A-879B-343096960C00}.Release|Any CPU.ActiveCfg = Release|Any CPU
		{6D9B1E97-847D-4B1A-879B-343096960C00}.Release|Any CPU.Build.0 = Release|Any CPU
		{6D9B1E97-847D-4B1A-879B-343096960C00}.Release|Any CPU.Deploy.0 = Release|Any CPU
		{6D9B1E97-847D-4B1A-879B-343096960C00}.Release|iPhone.ActiveCfg = Release|Any CPU
		{6D9B1E97-847D-4B1A-879B-343096960C00}.Release|iPhone.Build.0 = Release|Any CPU
		{6D9B1E97-847D-4B1A-879B-343096960C00}.Release|iPhone.Deploy.0 = Release|Any CPU
		{6D9B1E97-847D-4B1A-879B-343096960C00}.Release|iPhoneSimulator.ActiveCfg = Release|Any CPU
		{6D9B1E97-847D-4B1A-879B-343096960C00}.Release|iPhoneSimulator.Build.0 = Release|Any CPU
		{6D9B1E97-847D-4B1A-879B-343096960C00}.Release|iPhoneSimulator.Deploy.0 = Release|Any CPU
		{B30EAFE6-3D87-4681-A6DB-A890F4E79B6A}.Debug|Any CPU.ActiveCfg = Debug|iPhoneSimulator
		{B30EAFE6-3D87-4681-A6DB-A890F4E79B6A}.Debug|iPhone.ActiveCfg = Debug|iPhone
		{B30EAFE6-3D87-4681-A6DB-A890F4E79B6A}.Debug|iPhone.Build.0 = Debug|iPhone
		{B30EAFE6-3D87-4681-A6DB-A890F4E79B6A}.Debug|iPhoneSimulator.ActiveCfg = Debug|iPhoneSimulator
		{B30EAFE6-3D87-4681-A6DB-A890F4E79B6A}.Debug|iPhoneSimulator.Build.0 = Debug|iPhoneSimulator
		{B30EAFE6-3D87-4681-A6DB-A890F4E79B6A}.Release|Any CPU.ActiveCfg = Release|iPhoneSimulator
		{B30EAFE6-3D87-4681-A6DB-A890F4E79B6A}.Release|iPhone.ActiveCfg = Release|iPhone
		{B30EAFE6-3D87-4681-A6DB-A890F4E79B6A}.Release|iPhone.Build.0 = Release|iPhone
		{B30EAFE6-3D87-4681-A6DB-A890F4E79B6A}.Release|iPhoneSimulator.ActiveCfg = Release|iPhoneSimulator
		{B30EAFE6-3D87-4681-A6DB-A890F4E79B6A}.Release|iPhoneSimulator.Build.0 = Release|iPhoneSimulator
		{EDE41B1B-F73D-42B9-85E3-182271C9E744}.Debug|Any CPU.ActiveCfg = Debug|Any CPU
		{EDE41B1B-F73D-42B9-85E3-182271C9E744}.Debug|Any CPU.Build.0 = Debug|Any CPU
		{EDE41B1B-F73D-42B9-85E3-182271C9E744}.Debug|iPhone.ActiveCfg = Debug|Any CPU
		{EDE41B1B-F73D-42B9-85E3-182271C9E744}.Debug|iPhone.Build.0 = Debug|Any CPU
		{EDE41B1B-F73D-42B9-85E3-182271C9E744}.Debug|iPhoneSimulator.ActiveCfg = Debug|Any CPU
		{EDE41B1B-F73D-42B9-85E3-182271C9E744}.Debug|iPhoneSimulator.Build.0 = Debug|Any CPU
		{EDE41B1B-F73D-42B9-85E3-182271C9E744}.Release|Any CPU.ActiveCfg = Release|Any CPU
		{EDE41B1B-F73D-42B9-85E3-182271C9E744}.Release|Any CPU.Build.0 = Release|Any CPU
		{EDE41B1B-F73D-42B9-85E3-182271C9E744}.Release|iPhone.ActiveCfg = Release|Any CPU
		{EDE41B1B-F73D-42B9-85E3-182271C9E744}.Release|iPhone.Build.0 = Release|Any CPU
		{EDE41B1B-F73D-42B9-85E3-182271C9E744}.Release|iPhoneSimulator.ActiveCfg = Release|Any CPU
		{EDE41B1B-F73D-42B9-85E3-182271C9E744}.Release|iPhoneSimulator.Build.0 = Release|Any CPU
		{ECC26582-C3AD-4C42-89E3-ECB9B59E75E8}.Debug|Any CPU.ActiveCfg = Debug|Any CPU
		{ECC26582-C3AD-4C42-89E3-ECB9B59E75E8}.Debug|Any CPU.Build.0 = Debug|Any CPU
		{ECC26582-C3AD-4C42-89E3-ECB9B59E75E8}.Debug|iPhone.ActiveCfg = Debug|Any CPU
		{ECC26582-C3AD-4C42-89E3-ECB9B59E75E8}.Debug|iPhone.Build.0 = Debug|Any CPU
		{ECC26582-C3AD-4C42-89E3-ECB9B59E75E8}.Debug|iPhoneSimulator.ActiveCfg = Debug|Any CPU
		{ECC26582-C3AD-4C42-89E3-ECB9B59E75E8}.Debug|iPhoneSimulator.Build.0 = Debug|Any CPU
		{ECC26582-C3AD-4C42-89E3-ECB9B59E75E8}.Release|Any CPU.ActiveCfg = Release|Any CPU
		{ECC26582-C3AD-4C42-89E3-ECB9B59E75E8}.Release|Any CPU.Build.0 = Release|Any CPU
		{ECC26582-C3AD-4C42-89E3-ECB9B59E75E8}.Release|iPhone.ActiveCfg = Release|Any CPU
		{ECC26582-C3AD-4C42-89E3-ECB9B59E75E8}.Release|iPhone.Build.0 = Release|Any CPU
		{ECC26582-C3AD-4C42-89E3-ECB9B59E75E8}.Release|iPhoneSimulator.ActiveCfg = Release|Any CPU
		{ECC26582-C3AD-4C42-89E3-ECB9B59E75E8}.Release|iPhoneSimulator.Build.0 = Release|Any CPU
	EndGlobalSection
	GlobalSection(SolutionProperties) = preSolution
		HideSolutionNode = FALSE
	EndGlobalSection
	GlobalSection(ExtensibilityGlobals) = postSolution
		SolutionGuid = {201C2C38-DAC8-4786-A202-0850C7922DC6}
	EndGlobalSection
EndGlobal
